
Microsoft Visual Studio Solution File, Format Version 12.00
# Visual Studio Version 16
VisualStudioVersion = 16.0.33214.272
MinimumVisualStudioVersion = 10.0.40219.1
Project("{FAE04EC0-301F-11D3-BF4B-00C04F79EFBC}") = "Mission08_0209", "Mission08_0209\Mission08_0209.csproj", "{05177341-962F-4E77-9D0D-B49518873874}"
EndProject
Global
	GlobalSection(SolutionConfigurationPlatforms) = preSolution
		Debug|Any CPU = Debug|Any CPU
		Release|Any CPU = Release|Any CPU
	EndGlobalSection
	GlobalSection(ProjectConfigurationPlatforms) = postSolution
		{05177341-962F-4E77-9D0D-B49518873874}.Debug|Any CPU.ActiveCfg = Debug|Any CPU
		{05177341-962F-4E77-9D0D-B49518873874}.Debug|Any CPU.Build.0 = Debug|Any CPU
		{05177341-962F-4E77-9D0D-B49518873874}.Release|Any CPU.ActiveCfg = Release|Any CPU
		{05177341-962F-4E77-9D0D-B49518873874}.Release|Any CPU.Build.0 = Release|Any CPU
	EndGlobalSection
	GlobalSection(SolutionProperties) = preSolution
		HideSolutionNode = FALSE
	EndGlobalSection
	GlobalSection(ExtensibilityGlobals) = postSolution
		SolutionGuid = {55D34FA6-0462-4ED4-8B3D-CA9602426D7D}
	EndGlobalSection
EndGlobal
